
Microsoft Visual Studio Solution File, Format Version 12.00
# Visual Studio 15
Project("{FAE04EC0-301F-11D3-BF4B-00C04F79EFBC}") = "FoodTrucks.Android", "FoodTrucks.Android\FoodTrucks.Android.csproj", "{24CE3C36-16B9-426D-AA0C-5961ECF8D88C}"
EndProject
Project("{FAE04EC0-301F-11D3-BF4B-00C04F79EFBC}") = "FoodTrucks.iOS", "FoodTrucks.iOS\FoodTrucks.iOS.csproj", "{48E8ABC6-286D-4FA4-B965-5BB46D3950A0}"
EndProject
Project("{FAE04EC0-301F-11D3-BF4B-00C04F79EFBC}") = "FoodTrucks.MobileAppService", "FoodTrucks.MobileAppService\FoodTrucks.MobileAppService.csproj", "{3B164536-F855-483A-8166-8FFBAA790158}"
EndProject
Project("{FAE04EC0-301F-11D3-BF4B-00C04F79EFBC}") = "FoodTrucks.UITests", "FoodTrucks.UITests\FoodTrucks.UITests.csproj", "{B19C892E-2628-4CA7-AD27-08D406A3B14B}"
EndProject
Project("{FAE04EC0-301F-11D3-BF4B-00C04F79EFBC}") = "FoodTrucks", "FoodTrucks\FoodTrucks.csproj", "{AE9F19AA-D56A-44EB-896A-99D3568D75BC}"
EndProject
Global
	GlobalSection(SolutionConfigurationPlatforms) = preSolution
		Debug|Any CPU = Debug|Any CPU
		Release|Any CPU = Release|Any CPU
		Debug|iPhoneSimulator = Debug|iPhoneSimulator
		Release|iPhoneSimulator = Release|iPhoneSimulator
		Debug|iPhone = Debug|iPhone
		Release|iPhone = Release|iPhone
	EndGlobalSection
	GlobalSection(ProjectConfigurationPlatforms) = postSolution
		{24CE3C36-16B9-426D-AA0C-5961ECF8D88C}.Debug|Any CPU.ActiveCfg = Debug|Any CPU
		{24CE3C36-16B9-426D-AA0C-5961ECF8D88C}.Debug|Any CPU.Build.0 = Debug|Any CPU
		{24CE3C36-16B9-426D-AA0C-5961ECF8D88C}.Release|Any CPU.ActiveCfg = Release|Any CPU
		{24CE3C36-16B9-426D-AA0C-5961ECF8D88C}.Release|Any CPU.Build.0 = Release|Any CPU
		{24CE3C36-16B9-426D-AA0C-5961ECF8D88C}.Debug|iPhoneSimulator.ActiveCfg = Debug|Any CPU
		{24CE3C36-16B9-426D-AA0C-5961ECF8D88C}.Debug|iPhoneSimulator.Build.0 = Debug|Any CPU
		{24CE3C36-16B9-426D-AA0C-5961ECF8D88C}.Release|iPhoneSimulator.ActiveCfg = Release|Any CPU
		{24CE3C36-16B9-426D-AA0C-5961ECF8D88C}.Release|iPhoneSimulator.Build.0 = Release|Any CPU
		{24CE3C36-16B9-426D-AA0C-5961ECF8D88C}.Debug|iPhone.ActiveCfg = Debug|Any CPU
		{24CE3C36-16B9-426D-AA0C-5961ECF8D88C}.Debug|iPhone.Build.0 = Debug|Any CPU
		{24CE3C36-16B9-426D-AA0C-5961ECF8D88C}.Release|iPhone.ActiveCfg = Release|Any CPU
		{24CE3C36-16B9-426D-AA0C-5961ECF8D88C}.Release|iPhone.Build.0 = Release|Any CPU
		{48E8ABC6-286D-4FA4-B965-5BB46D3950A0}.Debug|Any CPU.ActiveCfg = Debug|iPhoneSimulator
		{48E8ABC6-286D-4FA4-B965-5BB46D3950A0}.Debug|Any CPU.Build.0 = Debug|iPhoneSimulator
		{48E8ABC6-286D-4FA4-B965-5BB46D3950A0}.Release|Any CPU.ActiveCfg = Release|iPhoneSimulator
		{48E8ABC6-286D-4FA4-B965-5BB46D3950A0}.Release|Any CPU.Build.0 = Release|iPhoneSimulator
		{48E8ABC6-286D-4FA4-B965-5BB46D3950A0}.Debug|iPhoneSimulator.ActiveCfg = Debug|iPhoneSimulator
		{48E8ABC6-286D-4FA4-B965-5BB46D3950A0}.Debug|iPhoneSimulator.Build.0 = Debug|iPhoneSimulator
		{48E8ABC6-286D-4FA4-B965-5BB46D3950A0}.Release|iPhoneSimulator.ActiveCfg = Release|iPhoneSimulator
		{48E8ABC6-286D-4FA4-B965-5BB46D3950A0}.Release|iPhoneSimulator.Build.0 = Release|iPhoneSimulator
		{48E8ABC6-286D-4FA4-B965-5BB46D3950A0}.Debug|iPhone.ActiveCfg = Debug|iPhone
		{48E8ABC6-286D-4FA4-B965-5BB46D3950A0}.Debug|iPhone.Build.0 = Debug|iPhone
		{48E8ABC6-286D-4FA4-B965-5BB46D3950A0}.Release|iPhone.ActiveCfg = Release|iPhone
		{48E8ABC6-286D-4FA4-B965-5BB46D3950A0}.Release|iPhone.Build.0 = Release|iPhone
		{3B164536-F855-483A-8166-8FFBAA790158}.Debug|Any CPU.ActiveCfg = Debug|Any CPU
		{3B164536-F855-483A-8166-8FFBAA790158}.Debug|Any CPU.Build.0 = Debug|Any CPU
		{3B164536-F855-483A-8166-8FFBAA790158}.Release|Any CPU.ActiveCfg = Release|Any CPU
		{3B164536-F855-483A-8166-8FFBAA790158}.Release|Any CPU.Build.0 = Release|Any CPU
		{3B164536-F855-483A-8166-8FFBAA790158}.Debug|iPhoneSimulator.ActiveCfg = Debug|Any CPU
		{3B164536-F855-483A-8166-8FFBAA790158}.Debug|iPhoneSimulator.Build.0 = Debug|Any CPU
		{3B164536-F855-483A-8166-8FFBAA790158}.Release|iPhoneSimulator.ActiveCfg = Release|Any CPU
		{3B164536-F855-483A-8166-8FFBAA790158}.Release|iPhoneSimulator.Build.0 = Release|Any CPU
		{3B164536-F855-483A-8166-8FFBAA790158}.Debug|iPhone.ActiveCfg = Debug|Any CPU
		{3B164536-F855-483A-8166-8FFBAA790158}.Debug|iPhone.Build.0 = Debug|Any CPU
		{3B164536-F855-483A-8166-8FFBAA790158}.Release|iPhone.ActiveCfg = Release|Any CPU
		{3B164536-F855-483A-8166-8FFBAA790158}.Release|iPhone.Build.0 = Release|Any CPU
		{B19C892E-2628-4CA7-AD27-08D406A3B14B}.Debug|Any CPU.ActiveCfg = Debug|Any CPU
		{B19C892E-2628-4CA7-AD27-08D406A3B14B}.Debug|Any CPU.Build.0 = Debug|Any CPU
		{B19C892E-2628-4CA7-AD27-08D406A3B14B}.Release|Any CPU.ActiveCfg = Release|Any CPU
		{B19C892E-2628-4CA7-AD27-08D406A3B14B}.Release|Any CPU.Build.0 = Release|Any CPU
		{B19C892E-2628-4CA7-AD27-08D406A3B14B}.Debug|iPhoneSimulator.ActiveCfg = Debug|Any CPU
		{B19C892E-2628-4CA7-AD27-08D406A3B14B}.Debug|iPhoneSimulator.Build.0 = Debug|Any CPU
		{B19C892E-2628-4CA7-AD27-08D406A3B14B}.Release|iPhoneSimulator.ActiveCfg = Release|Any CPU
		{B19C892E-2628-4CA7-AD27-08D406A3B14B}.Release|iPhoneSimulator.Build.0 = Release|Any CPU
		{B19C892E-2628-4CA7-AD27-08D406A3B14B}.Debug|iPhone.ActiveCfg = Debug|Any CPU
		{B19C892E-2628-4CA7-AD27-08D406A3B14B}.Debug|iPhone.Build.0 = Debug|Any CPU
		{B19C892E-2628-4CA7-AD27-08D406A3B14B}.Release|iPhone.ActiveCfg = Release|Any CPU
		{B19C892E-2628-4CA7-AD27-08D406A3B14B}.Release|iPhone.Build.0 = Release|Any CPU
		{AE9F19AA-D56A-44EB-896A-99D3568D75BC}.Debug|Any CPU.ActiveCfg = Debug|Any CPU
		{AE9F19AA-D56A-44EB-896A-99D3568D75BC}.Debug|Any CPU.Build.0 = Debug|Any CPU
		{AE9F19AA-D56A-44EB-896A-99D3568D75BC}.Release|Any CPU.ActiveCfg = Release|Any CPU
		{AE9F19AA-D56A-44EB-896A-99D3568D75BC}.Release|Any CPU.Build.0 = Release|Any CPU
		{AE9F19AA-D56A-44EB-896A-99D3568D75BC}.Debug|iPhoneSimulator.ActiveCfg = Debug|Any CPU
		{AE9F19AA-D56A-44EB-896A-99D3568D75BC}.Debug|iPhoneSimulator.Build.0 = Debug|Any CPU
		{AE9F19AA-D56A-44EB-896A-99D3568D75BC}.Release|iPhoneSimulator.ActiveCfg = Release|Any CPU
		{AE9F19AA-D56A-44EB-896A-99D3568D75BC}.Release|iPhoneSimulator.Build.0 = Release|Any CPU
		{AE9F19AA-D56A-44EB-896A-99D3568D75BC}.Debug|iPhone.ActiveCfg = Debug|Any CPU
		{AE9F19AA-D56A-44EB-896A-99D3568D75BC}.Debug|iPhone.Build.0 = Debug|Any CPU
		{AE9F19AA-D56A-44EB-896A-99D3568D75BC}.Release|iPhone.ActiveCfg = Release|Any CPU
		{AE9F19AA-D56A-44EB-896A-99D3568D75BC}.Release|iPhone.Build.0 = Release|Any CPU
	EndGlobalSection
EndGlobal
